
Microsoft Visual Studio Solution File, Format Version 12.00
# Visual Studio Version 17
VisualStudioVersion = 17.9.34902.65
MinimumVisualStudioVersion = 10.0.40219.1
Project("{FAE04EC0-301F-11D3-BF4B-00C04F79EFBC}") = "TFR", "TFR\TFR.csproj", "{EB1F3ACA-3F70-4622-987C-B78ED8A34C5B}"
EndProject
Global
	GlobalSection(SolutionConfigurationPlatforms) = preSolution
		Debug|Any CPU = Debug|Any CPU
		Release|Any CPU = Release|Any CPU
	EndGlobalSection
	GlobalSection(ProjectConfigurationPlatforms) = postSolution
		{EB1F3ACA-3F70-4622-987C-B78ED8A34C5B}.Debug|Any CPU.ActiveCfg = Debug|Any CPU
		{EB1F3ACA-3F70-4622-987C-B78ED8A34C5B}.Debug|Any CPU.Build.0 = Debug|Any CPU
		{EB1F3ACA-3F70-4622-987C-B78ED8A34C5B}.Release|Any CPU.ActiveCfg = Release|Any CPU
		{EB1F3ACA-3F70-4622-987C-B78ED8A34C5B}.Release|Any CPU.Build.0 = Release|Any CPU
	EndGlobalSection
	GlobalSection(SolutionProperties) = preSolution
		HideSolutionNode = FALSE
	EndGlobalSection
	GlobalSection(ExtensibilityGlobals) = postSolution
		SolutionGuid = {63C094D4-7E20-4046-AC59-084B8A352170}
	EndGlobalSection
EndGlobal
